// !$*UTF8*$!
{
	archiveVersion = 1;
	classes = {
	};
	objectVersion = 56;
	objects = {

/* Begin PBXBuildFile section */
		D26CCF9E2B7A3DDA00DB5EE2 /* AppDelegate.swift in Sources */ = {isa = PBXBuildFile; fileRef = D26CCF9D2B7A3DDA00DB5EE2 /* AppDelegate.swift */; };
		D26CCFA02B7A3DDA00DB5EE2 /* SceneDelegate.swift in Sources */ = {isa = PBXBuildFile; fileRef = D26CCF9F2B7A3DDA00DB5EE2 /* SceneDelegate.swift */; };
		D26CCFA22B7A3DDA00DB5EE2 /* ViewController.swift in Sources */ = {isa = PBXBuildFile; fileRef = D26CCFA12B7A3DDA00DB5EE2 /* ViewController.swift */; };
		D26CCFA52B7A3DDA00DB5EE2 /* Main.storyboard in Resources */ = {isa = PBXBuildFile; fileRef = D26CCFA32B7A3DDA00DB5EE2 /* Main.storyboard */; };
		D26CCFA82B7A3DDA00DB5EE2 /* ReadForMe.xcdatamodeld in Sources */ = {isa = PBXBuildFile; fileRef = D26CCFA62B7A3DDA00DB5EE2 /* ReadForMe.xcdatamodeld */; };
		D26CCFAA2B7A3DDC00DB5EE2 /* Assets.xcassets in Resources */ = {isa = PBXBuildFile; fileRef = D26CCFA92B7A3DDC00DB5EE2 /* Assets.xcassets */; };
		D26CCFAD2B7A3DDC00DB5EE2 /* LaunchScreen.storyboard in Resources */ = {isa = PBXBuildFile; fileRef = D26CCFAB2B7A3DDC00DB5EE2 /* LaunchScreen.storyboard */; };
/* End PBXBuildFile section */

/* Begin PBXFileReference section */
		D26CCF9A2B7A3DDA00DB5EE2 /* ReadForMe.app */ = {isa = PBXFileReference; explicitFileType = wrapper.application; includeInIndex = 0; path = ReadForMe.app; sourceTree = BUILT_PRODUCTS_DIR; };
		D26CCF9D2B7A3DDA00DB5EE2 /* AppDelegate.swift */ = {isa = PBXFileReference; lastKnownFileType = sourcecode.swift; path = AppDelegate.swift; sourceTree = "<group>"; };
		D26CCF9F2B7A3DDA00DB5EE2 /* SceneDelegate.swift */ = {isa = PBXFileReference; lastKnownFileType = sourcecode.swift; path = SceneDelegate.swift; sourceTree = "<group>"; };
		D26CCFA12B7A3DDA00DB5EE2 /* ViewController.swift */ = {isa = PBXFileReference; lastKnownFileType = sourcecode.swift; path = ViewController.swift; sourceTree = "<group>"; };
		D26CCFA42B7A3DDA00DB5EE2 /* Base */ = {isa = PBXFileReference; lastKnownFileType = file.storyboard; name = Base; path = Base.lproj/Main.storyboard; sourceTree = "<group>"; };
		D26CCFA72B7A3DDA00DB5EE2 /* ReadForMe.xcdatamodel */ = {isa = PBXFileReference; lastKnownFileType = wrapper.xcdatamodel; path = ReadForMe.xcdatamodel; sourceTree = "<group>"; };
		D26CCFA92B7A3DDC00DB5EE2 /* Assets.xcassets */ = {isa = PBXFileReference; lastKnownFileType = folder.assetcatalog; path = Assets.xcassets; sourceTree = "<group>"; };
		D26CCFAC2B7A3DDC00DB5EE2 /* Base */ = {isa = PBXFileReference; lastKnownFileType = file.storyboard; name = Base; path = Base.lproj/LaunchScreen.storyboard; sourceTree = "<group>"; };
		D26CCFAE2B7A3DDC00DB5EE2 /* Info.plist */ = {isa = PBXFileReference; lastKnownFileType = text.plist.xml; path = Info.plist; sourceTree = "<group>"; };
/* End PBXFileReference section */

/* Begin PBXFrameworksBuildPhase section */
		D26CCF972B7A3DDA00DB5EE2 /* Frameworks */ = {
			isa = PBXFrameworksBuildPhase;
			buildActionMask = 2147483647;
			files = (
			);
			runOnlyForDeploymentPostprocessing = 0;
		};
/* End PBXFrameworksBuildPhase section */

/* Begin PBXGroup section */
		D26CCF912B7A3DD900DB5EE2 = {
			isa = PBXGroup;
			children = (
				D26CCF9C2B7A3DDA00DB5EE2 /* ReadForMe */,
				D26CCF9B2B7A3DDA00DB5EE2 /* Products */,
			);
			sourceTree = "<group>";
		};
		D26CCF9B2B7A3DDA00DB5EE2 /* Products */ = {
			isa = PBXGroup;
			children = (
				D26CCF9A2B7A3DDA00DB5EE2 /* ReadForMe.app */,
			);
			name = Products;
			sourceTree = "<group>";
		};
		D26CCF9C2B7A3DDA00DB5EE2 /* ReadForMe */ = {
			isa = PBXGroup;
			children = (
				D26CCF9D2B7A3DDA00DB5EE2 /* AppDelegate.swift */,
				D26CCF9F2B7A3DDA00DB5EE2 /* SceneDelegate.swift */,
				D26CCFA12B7A3DDA00DB5EE2 /* ViewController.swift */,
				D26CCFA32B7A3DDA00DB5EE2 /* Main.storyboard */,
				D26CCFA92B7A3DDC00DB5EE2 /* Assets.xcassets */,
				D26CCFAB2B7A3DDC00DB5EE2 /* LaunchScreen.storyboard */,
				D26CCFAE2B7A3DDC00DB5EE2 /* Info.plist */,
				D26CCFA62B7A3DDA00DB5EE2 /* ReadForMe.xcdatamodeld */,
			);
			path = ReadForMe;
			sourceTree = "<group>";
		};
/* End PBXGroup section */

/* Begin PBXNativeTarget section */
		D26CCF992B7A3DDA00DB5EE2 /* ReadForMe */ = {
			isa = PBXNativeTarget;
			buildConfigurationList = D26CCFB12B7A3DDC00DB5EE2 /* Build configuration list for PBXNativeTarget "ReadForMe" */;
			buildPhases = (
				D26CCF962B7A3DDA00DB5EE2 /* Sources */,
				D26CCF972B7A3DDA00DB5EE2 /* Frameworks */,
				D26CCF982B7A3DDA00DB5EE2 /* Resources */,
			);
			buildRules = (
			);
			dependencies = (
			);
			name = ReadForMe;
			productName = ReadForMe;
			productReference = D26CCF9A2B7A3DDA00DB5EE2 /* ReadForMe.app */;
			productType = "com.apple.product-type.application";
		};
/* End PBXNativeTarget section */

/* Begin PBXProject section */
		D26CCF922B7A3DD900DB5EE2 /* Project object */ = {
			isa = PBXProject;
			attributes = {
				BuildIndependentTargetsInParallel = 1;
				LastSwiftUpdateCheck = 1500;
				LastUpgradeCheck = 1500;
				TargetAttributes = {
					D26CCF992B7A3DDA00DB5EE2 = {
						CreatedOnToolsVersion = 15.0;
					};
				};
			};
			buildConfigurationList = D26CCF952B7A3DD900DB5EE2 /* Build configuration list for PBXProject "ReadForMe" */;
			compatibilityVersion = "Xcode 14.0";
			developmentRegion = en;
			hasScannedForEncodings = 0;
			knownRegions = (
				en,
				Base,
			);
			mainGroup = D26CCF912B7A3DD900DB5EE2;
			productRefGroup = D26CCF9B2B7A3DDA00DB5EE2 /* Products */;
			projectDirPath = "";
			projectRoot = "";
			targets = (
				D26CCF992B7A3DDA00DB5EE2 /* ReadForMe */,
			);
		};
/* End PBXProject section */

/* Begin PBXResourcesBuildPhase section */
		D26CCF982B7A3DDA00DB5EE2 /* Resources */ = {
			isa = PBXResourcesBuildPhase;
			buildActionMask = 2147483647;
			files = (
				D26CCFAD2B7A3DDC00DB5EE2 /* LaunchScreen.storyboard in Resources */,
				D26CCFAA2B7A3DDC00DB5EE2 /* Assets.xcassets in Resources */,
				D26CCFA52B7A3DDA00DB5EE2 /* Main.storyboard in Resources */,
			);
			runOnlyForDeploymentPostprocessing = 0;
		};
/* End PBXResourcesBuildPhase section */

/* Begin PBXSourcesBuildPhase section */
		D26CCF962B7A3DDA00DB5EE2 /* Sources */ = {
			isa = PBXSourcesBuildPhase;
			buildActionMask = 2147483647;
			files = (
				D26CCFA22B7A3DDA00DB5EE2 /* ViewController.swift in Sources */,
				D26CCF9E2B7A3DDA00DB5EE2 /* AppDelegate.swift in Sources */,
				D26CCFA02B7A3DDA00DB5EE2 /* SceneDelegate.swift in Sources */,
				D26CCFA82B7A3DDA00DB5EE2 /* ReadForMe.xcdatamodeld in Sources */,
			);
			runOnlyForDeploymentPostprocessing = 0;
		};
/* End PBXSourcesBuildPhase section */

/* Begin PBXVariantGroup section */
		D26CCFA32B7A3DDA00DB5EE2 /* Main.storyboard */ = {
			isa = PBXVariantGroup;
			children = (
				D26CCFA42B7A3DDA00DB5EE2 /* Base */,
			);
			name = Main.storyboard;
			sourceTree = "<group>";
		};
		D26CCFAB2B7A3DDC00DB5EE2 /* LaunchScreen.storyboard */ = {
			isa = PBXVariantGroup;
			children = (
				D26CCFAC2B7A3DDC00DB5EE2 /* Base */,
			);
			name = LaunchScreen.storyboard;
			sourceTree = "<group>";
		};
/* End PBXVariantGroup section */

/* Begin XCBuildConfiguration section */
		D26CCFAF2B7A3DDC00DB5EE2 /* Debug */ = {
			isa = XCBuildConfiguration;
			buildSettings = {
				ALWAYS_SEARCH_USER_PATHS = NO;
				ASSETCATALOG_COMPILER_GENERATE_SWIFT_ASSET_SYMBOL_EXTENSIONS = YES;
				CLANG_ANALYZER_NONNULL = YES;
				CLANG_ANALYZER_NUMBER_OBJECT_CONVERSION = YES_AGGRESSIVE;
				CLANG_CXX_LANGUAGE_STANDARD = "gnu++20";
				CLANG_ENABLE_MODULES = YES;
				CLANG_ENABLE_OBJC_ARC = YES;
				CLANG_ENABLE_OBJC_WEAK = YES;
				CLANG_WARN_BLOCK_CAPTURE_AUTORELEASING = YES;
				CLANG_WARN_BOOL_CONVERSION = YES;
				CLANG_WARN_COMMA = YES;
				CLANG_WARN_CONSTANT_CONVERSION = YES;
				CLANG_WARN_DEPRECATED_OBJC_IMPLEMENTATIONS = YES;
				CLANG_WARN_DIRECT_OBJC_ISA_USAGE = YES_ERROR;
				CLANG_WARN_DOCUMENTATION_COMMENTS = YES;
				CLANG_WARN_EMPTY_BODY = YES;
				CLANG_WARN_ENUM_CONVERSION = YES;
				CLANG_WARN_INFINITE_RECURSION = YES;
				CLANG_WARN_INT_CONVERSION = YES;
				CLANG_WARN_NON_LITERAL_NULL_CONVERSION = YES;
				CLANG_WARN_OBJC_IMPLICIT_RETAIN_SELF = YES;
				CLANG_WARN_OBJC_LITERAL_CONVERSION = YES;
				CLANG_WARN_OBJC_ROOT_CLASS = YES_ERROR;
				CLANG_WARN_QUOTED_INCLUDE_IN_FRAMEWORK_HEADER = YES;
				CLANG_WARN_RANGE_LOOP_ANALYSIS = YES;
				CLANG_WARN_STRICT_PROTOTYPES = YES;
				CLANG_WARN_SUSPICIOUS_MOVE = YES;
				CLANG_WARN_UNGUARDED_AVAILABILITY = YES_AGGRESSIVE;
				CLANG_WARN_UNREACHABLE_CODE = YES;
				CLANG_WARN__DUPLICATE_METHOD_MATCH = YES;
				COPY_PHASE_STRIP = NO;
				DEBUG_INFORMATION_FORMAT = dwarf;
				ENABLE_STRICT_OBJC_MSGSEND = YES;
				ENABLE_TESTABILITY = YES;
				ENABLE_USER_SCRIPT_SANDBOXING = YES;
				GCC_C_LANGUAGE_STANDARD = gnu17;
				GCC_DYNAMIC_NO_PIC = NO;
				GCC_NO_COMMON_BLOCKS = YES;
				GCC_OPTIMIZATION_LEVEL = 0;
				GCC_PREPROCESSOR_DEFINITIONS = (
					"DEBUG=1",
					"$(inherited)",
				);
				GCC_WARN_64_TO_32_BIT_CONVERSION = YES;
				GCC_WARN_ABOUT_RETURN_TYPE = YES_ERROR;
				GCC_WARN_UNDECLARED_SELECTOR = YES;
				GCC_WARN_UNINITIALIZED_AUTOS = YES_AGGRESSIVE;
				GCC_WARN_UNUSED_FUNCTION = YES;
				GCC_WARN_UNUSED_VARIABLE = YES;
				IPHONEOS_DEPLOYMENT_TARGET = 17.0;
				LOCALIZATION_PREFERS_STRING_CATALOGS = YES;
				MTL_ENABLE_DEBUG_INFO = INCLUDE_SOURCE;
				MTL_FAST_MATH = YES;
				ONLY_ACTIVE_ARCH = YES;
				SDKROOT = iphoneos;
				SWIFT_ACTIVE_COMPILATION_CONDITIONS = "DEBUG $(inherited)";
				SWIFT_OPTIMIZATION_LEVEL = "-Onone";
			};
			name = Debug;
		};
		D26CCFB02B7A3DDC00DB5EE2 /* Release */ = {
			isa = XCBuildConfiguration;
			buildSettings = {
				ALWAYS_SEARCH_USER_PATHS = NO;
				ASSETCATALOG_COMPILER_GENERATE_SWIFT_ASSET_SYMBOL_EXTENSIONS = YES;
				CLANG_ANALYZER_NONNULL = YES;
				CLANG_ANALYZER_NUMBER_OBJECT_CONVERSION = YES_AGGRESSIVE;
				CLANG_CXX_LANGUAGE_STANDARD = "gnu++20";
				CLANG_ENABLE_MODULES = YES;
				CLANG_ENABLE_OBJC_ARC = YES;
				CLANG_ENABLE_OBJC_WEAK = YES;
				CLANG_WARN_BLOCK_CAPTURE_AUTORELEASING = YES;
				CLANG_WARN_BOOL_CONVERSION = YES;
				CLANG_WARN_COMMA = YES;
				CLANG_WARN_CONSTANT_CONVERSION = YES;
				CLANG_WARN_DEPRECATED_OBJC_IMPLEMENTATIONS = YES;
				CLANG_WARN_DIRECT_OBJC_ISA_USAGE = YES_ERROR;
				CLANG_WARN_DOCUMENTATION_COMMENTS = YES;
				CLANG_WARN_EMPTY_BODY = YES;
				CLANG_WARN_ENUM_CONVERSION = YES;
				CLANG_WARN_INFINITE_RECURSION = YES;
				CLANG_WARN_INT_CONVERSION = YES;
				CLANG_WARN_NON_LITERAL_NULL_CONVERSION = YES;
				CLANG_WARN_OBJC_IMPLICIT_RETAIN_SELF = YES;
				CLANG_WARN_OBJC_LITERAL_CONVERSION = YES;
				CLANG_WARN_OBJC_ROOT_CLASS = YES_ERROR;
				CLANG_WARN_QUOTED_INCLUDE_IN_FRAMEWORK_HEADER = YES;
				CLANG_WARN_RANGE_LOOP_ANALYSIS = YES;
				CLANG_WARN_STRICT_PROTOTYPES = YES;
				CLANG_WARN_SUSPICIOUS_MOVE = YES;
				CLANG_WARN_UNGUARDED_AVAILABILITY = YES_AGGRESSIVE;
				CLANG_WARN_UNREACHABLE_CODE = YES;
				CLANG_WARN__DUPLICATE_METHOD_MATCH = YES;
				COPY_PHASE_STRIP = NO;
				DEBUG_INFORMATION_FORMAT = "dwarf-with-dsym";
				ENABLE_NS_ASSERTIONS = NO;
				ENABLE_STRICT_OBJC_MSGSEND = YES;
				ENABLE_USER_SCRIPT_SANDBOXING = YES;
				GCC_C_LANGUAGE_STANDARD = gnu17;
				GCC_NO_COMMON_BLOCKS = YES;
				GCC_WARN_64_TO_32_BIT_CONVERSION = YES;
				GCC_WARN_ABOUT_RETURN_TYPE = YES_ERROR;
				GCC_WARN_UNDECLARED_SELECTOR = YES;
				GCC_WARN_UNINITIALIZED_AUTOS = YES_AGGRESSIVE;
				GCC_WARN_UNUSED_FUNCTION = YES;
				GCC_WARN_UNUSED_VARIABLE = YES;
				IPHONEOS_DEPLOYMENT_TARGET = 17.0;
				LOCALIZATION_PREFERS_STRING_CATALOGS = YES;
				MTL_ENABLE_DEBUG_INFO = NO;
				MTL_FAST_MATH = YES;
				SDKROOT = iphoneos;
				SWIFT_COMPILATION_MODE = wholemodule;
				VALIDATE_PRODUCT = YES;
			};
			name = Release;
		};
		D26CCFB22B7A3DDC00DB5EE2 /* Debug */ = {
			isa = XCBuildConfiguration;
			buildSettings = {
				ASSETCATALOG_COMPILER_APPICON_NAME = AppIcon;
				ASSETCATALOG_COMPILER_GLOBAL_ACCENT_COLOR_NAME = AccentColor;
				CODE_SIGN_STYLE = Automatic;
				CURRENT_PROJECT_VERSION = 1;
				DEVELOPMENT_TEAM = RQG6KVBMST;
				GENERATE_INFOPLIST_FILE = YES;
				INFOPLIST_FILE = ReadForMe/Info.plist;
				INFOPLIST_KEY_UIApplicationSupportsIndirectInputEvents = YES;
				INFOPLIST_KEY_UILaunchStoryboardName = LaunchScreen;
				INFOPLIST_KEY_UIMainStoryboardFile = Main;
				INFOPLIST_KEY_UISupportedInterfaceOrientations_iPad = "UIInterfaceOrientationPortrait UIInterfaceOrientationPortraitUpsideDown UIInterfaceOrientationLandscapeLeft UIInterfaceOrientationLandscapeRight";
				INFOPLIST_KEY_UISupportedInterfaceOrientations_iPhone = "UIInterfaceOrientationPortrait UIInterfaceOrientationLandscapeLeft UIInterfaceOrientationLandscapeRight";
				LD_RUNPATH_SEARCH_PATHS = (
					"$(inherited)",
					"@executable_path/Frameworks",
				);
				MARKETING_VERSION = 1.0;
				PRODUCT_BUNDLE_IDENTIFIER = BigWells.ReadForMe;
				PRODUCT_NAME = "$(TARGET_NAME)";
				SWIFT_EMIT_LOC_STRINGS = YES;
				SWIFT_VERSION = 5.0;
				TARGETED_DEVICE_FAMILY = "1,2";
			};
			name = Debug;
		};
		D26CCFB32B7A3DDC00DB5EE2 /* Release */ = {
			isa = XCBuildConfiguration;
			buildSettings = {
				ASSETCATALOG_COMPILER_APPICON_NAME = AppIcon;
				ASSETCATALOG_COMPILER_GLOBAL_ACCENT_COLOR_NAME = AccentColor;
				CODE_SIGN_STYLE = Automatic;
				CURRENT_PROJECT_VERSION = 1;
				DEVELOPMENT_TEAM = RQG6KVBMST;
				GENERATE_INFOPLIST_FILE = YES;
				INFOPLIST_FILE = ReadForMe/Info.plist;
				INFOPLIST_KEY_UIApplicationSupportsIndirectInputEvents = YES;
				INFOPLIST_KEY_UILaunchStoryboardName = LaunchScreen;
				INFOPLIST_KEY_UIMainStoryboardFile = Main;
				INFOPLIST_KEY_UISupportedInterfaceOrientations_iPad = "UIInterfaceOrientationPortrait UIInterfaceOrientationPortraitUpsideDown UIInterfaceOrientationLandscapeLeft UIInterfaceOrientationLandscapeRight";
				INFOPLIST_KEY_UISupportedInterfaceOrientations_iPhone = "UIInterfaceOrientationPortrait UIInterfaceOrientationLandscapeLeft UIInterfaceOrientationLandscapeRight";
				LD_RUNPATH_SEARCH_PATHS = (
					"$(inherited)",
					"@executable_path/Frameworks",
				);
				MARKETING_VERSION = 1.0;
				PRODUCT_BUNDLE_IDENTIFIER = BigWells.ReadForMe;
				PRODUCT_NAME = "$(TARGET_NAME)";
				SWIFT_EMIT_LOC_STRINGS = YES;
				SWIFT_VERSION = 5.0;
				TARGETED_DEVICE_FAMILY = "1,2";
			};
			name = Release;
		};
/* End XCBuildConfiguration section */

/* Begin XCConfigurationList section */
		D26CCF952B7A3DD900DB5EE2 /* Build configuration list for PBXProject "ReadForMe" */ = {
			isa = XCConfigurationList;
			buildConfigurations = (
				D26CCFAF2B7A3DDC00DB5EE2 /* Debug */,
				D26CCFB02B7A3DDC00DB5EE2 /* Release */,
			);
			defaultConfigurationIsVisible = 0;
			defaultConfigurationName = Release;
		};
		D26CCFB12B7A3DDC00DB5EE2 /* Build configuration list for PBXNativeTarget "ReadForMe" */ = {
			isa = XCConfigurationList;
			buildConfigurations = (
				D26CCFB22B7A3DDC00DB5EE2 /* Debug */,
				D26CCFB32B7A3DDC00DB5EE2 /* Release */,
			);
			defaultConfigurationIsVisible = 0;
			defaultConfigurationName = Release;
		};
/* End XCConfigurationList section */

/* Begin XCVersionGroup section */
		D26CCFA62B7A3DDA00DB5EE2 /* ReadForMe.xcdatamodeld */ = {
			isa = XCVersionGroup;
			children = (
				D26CCFA72B7A3DDA00DB5EE2 /* ReadForMe.xcdatamodel */,
			);
			currentVersion = D26CCFA72B7A3DDA00DB5EE2 /* ReadForMe.xcdatamodel */;
			path = ReadForMe.xcdatamodeld;
			sourceTree = "<group>";
			versionGroupType = wrapper.xcdatamodel;
		};
/* End XCVersionGroup section */
	};
	rootObject = D26CCF922B7A3DD900DB5EE2 /* Project object */;
}
